
Microsoft Visual Studio Solution File, Format Version 12.00
# Visual Studio Version 16
VisualStudioVersion = 16.0.29424.173
MinimumVisualStudioVersion = 10.0.40219.1
Project("{FAE04EC0-301F-11D3-BF4B-00C04F79EFBC}") = "wcfservice", "wcfservice\wcfservice.csproj", "{8FAC3827-13C3-4253-B75D-D18482E219EE}"
EndProject
Project("{FAE04EC0-301F-11D3-BF4B-00C04F79EFBC}") = "ConsoleClient", "ConsoleClient\ConsoleClient.csproj", "{99CE9C8E-AB26-4657-BBE9-1298F2AB7921}"
EndProject
Project("{FAE04EC0-301F-11D3-BF4B-00C04F79EFBC}") = "SDK", "SDK\SDK.csproj", "{C4558468-F2AF-4E3C-B85D-92EED1940BB4}"
EndProject
Project("{FAE04EC0-301F-11D3-BF4B-00C04F79EFBC}") = "WpfClient", "WpfClient\WpfClient.csproj", "{FC18E69F-E976-4623-82AA-D3B54B05DC26}"
EndProject
Project("{FAE04EC0-301F-11D3-BF4B-00C04F79EFBC}") = "MefExtenion", "MefAction\MefExtenion.csproj", "{60E2DC24-5B2B-45FE-AE0B-8F5C3ED8774B}"
EndProject
Project("{FAE04EC0-301F-11D3-BF4B-00C04F79EFBC}") = "ActiveUserExtenion", "ActiveExtenion\ActiveUserExtenion.csproj", "{73592977-0BFA-4472-B85D-AF86AECD8DF8}"
EndProject
Project("{FAE04EC0-301F-11D3-BF4B-00C04F79EFBC}") = "CommentExtenion", "CommentExtenion\CommentExtenion.csproj", "{A79C994B-7572-49ED-B1F0-6798B5E3DA85}"
EndProject
Project("{2150E333-8FDC-42A3-9474-1A3956D46DE8}") = "Extensions", "Extensions", "{DDA53639-8909-4060-8AFA-18888028DFCB}"
EndProject
Project("{2150E333-8FDC-42A3-9474-1A3956D46DE8}") = "Test", "Test", "{E96F5B07-F484-4BF3-BEB4-ED58A354C7ED}"
EndProject
Project("{2150E333-8FDC-42A3-9474-1A3956D46DE8}") = "_SDK", "_SDK", "{1E73D8B7-3512-4628-9F8F-E57E7583555A}"
EndProject
Project("{2150E333-8FDC-42A3-9474-1A3956D46DE8}") = "Server", "Server", "{ED847F15-4E6F-4F18-A644-3C06BA7F30FE}"
EndProject
Project("{2150E333-8FDC-42A3-9474-1A3956D46DE8}") = "Client", "Client", "{8B219558-B457-4DEA-855A-8D3BC60957FB}"
EndProject
Global
	GlobalSection(SolutionConfigurationPlatforms) = preSolution
		Debug|Any CPU = Debug|Any CPU
		Release|Any CPU = Release|Any CPU
	EndGlobalSection
	GlobalSection(ProjectConfigurationPlatforms) = postSolution
		{8FAC3827-13C3-4253-B75D-D18482E219EE}.Debug|Any CPU.ActiveCfg = Debug|Any CPU
		{8FAC3827-13C3-4253-B75D-D18482E219EE}.Debug|Any CPU.Build.0 = Debug|Any CPU
		{8FAC3827-13C3-4253-B75D-D18482E219EE}.Release|Any CPU.ActiveCfg = Release|Any CPU
		{8FAC3827-13C3-4253-B75D-D18482E219EE}.Release|Any CPU.Build.0 = Release|Any CPU
		{99CE9C8E-AB26-4657-BBE9-1298F2AB7921}.Debug|Any CPU.ActiveCfg = Debug|Any CPU
		{99CE9C8E-AB26-4657-BBE9-1298F2AB7921}.Debug|Any CPU.Build.0 = Debug|Any CPU
		{99CE9C8E-AB26-4657-BBE9-1298F2AB7921}.Release|Any CPU.ActiveCfg = Release|Any CPU
		{99CE9C8E-AB26-4657-BBE9-1298F2AB7921}.Release|Any CPU.Build.0 = Release|Any CPU
		{C4558468-F2AF-4E3C-B85D-92EED1940BB4}.Debug|Any CPU.ActiveCfg = Debug|Any CPU
		{C4558468-F2AF-4E3C-B85D-92EED1940BB4}.Debug|Any CPU.Build.0 = Debug|Any CPU
		{C4558468-F2AF-4E3C-B85D-92EED1940BB4}.Release|Any CPU.ActiveCfg = Release|Any CPU
		{C4558468-F2AF-4E3C-B85D-92EED1940BB4}.Release|Any CPU.Build.0 = Release|Any CPU
		{FC18E69F-E976-4623-82AA-D3B54B05DC26}.Debug|Any CPU.ActiveCfg = Debug|Any CPU
		{FC18E69F-E976-4623-82AA-D3B54B05DC26}.Debug|Any CPU.Build.0 = Debug|Any CPU
		{FC18E69F-E976-4623-82AA-D3B54B05DC26}.Release|Any CPU.ActiveCfg = Release|Any CPU
		{FC18E69F-E976-4623-82AA-D3B54B05DC26}.Release|Any CPU.Build.0 = Release|Any CPU
		{60E2DC24-5B2B-45FE-AE0B-8F5C3ED8774B}.Debug|Any CPU.ActiveCfg = Debug|Any CPU
		{60E2DC24-5B2B-45FE-AE0B-8F5C3ED8774B}.Debug|Any CPU.Build.0 = Debug|Any CPU
		{60E2DC24-5B2B-45FE-AE0B-8F5C3ED8774B}.Release|Any CPU.ActiveCfg = Release|Any CPU
		{60E2DC24-5B2B-45FE-AE0B-8F5C3ED8774B}.Release|Any CPU.Build.0 = Release|Any CPU
		{73592977-0BFA-4472-B85D-AF86AECD8DF8}.Debug|Any CPU.ActiveCfg = Debug|Any CPU
		{73592977-0BFA-4472-B85D-AF86AECD8DF8}.Debug|Any CPU.Build.0 = Debug|Any CPU
		{73592977-0BFA-4472-B85D-AF86AECD8DF8}.Release|Any CPU.ActiveCfg = Release|Any CPU
		{73592977-0BFA-4472-B85D-AF86AECD8DF8}.Release|Any CPU.Build.0 = Release|Any CPU
		{A79C994B-7572-49ED-B1F0-6798B5E3DA85}.Debug|Any CPU.ActiveCfg = Debug|Any CPU
		{A79C994B-7572-49ED-B1F0-6798B5E3DA85}.Debug|Any CPU.Build.0 = Debug|Any CPU
		{A79C994B-7572-49ED-B1F0-6798B5E3DA85}.Release|Any CPU.ActiveCfg = Release|Any CPU
		{A79C994B-7572-49ED-B1F0-6798B5E3DA85}.Release|Any CPU.Build.0 = Release|Any CPU
	EndGlobalSection
	GlobalSection(SolutionProperties) = preSolution
		HideSolutionNode = FALSE
	EndGlobalSection
	GlobalSection(NestedProjects) = preSolution
		{8FAC3827-13C3-4253-B75D-D18482E219EE} = {ED847F15-4E6F-4F18-A644-3C06BA7F30FE}
		{99CE9C8E-AB26-4657-BBE9-1298F2AB7921} = {E96F5B07-F484-4BF3-BEB4-ED58A354C7ED}
		{C4558468-F2AF-4E3C-B85D-92EED1940BB4} = {1E73D8B7-3512-4628-9F8F-E57E7583555A}
		{FC18E69F-E976-4623-82AA-D3B54B05DC26} = {8B219558-B457-4DEA-855A-8D3BC60957FB}
		{60E2DC24-5B2B-45FE-AE0B-8F5C3ED8774B} = {1E73D8B7-3512-4628-9F8F-E57E7583555A}
		{73592977-0BFA-4472-B85D-AF86AECD8DF8} = {DDA53639-8909-4060-8AFA-18888028DFCB}
		{A79C994B-7572-49ED-B1F0-6798B5E3DA85} = {DDA53639-8909-4060-8AFA-18888028DFCB}
	EndGlobalSection
	GlobalSection(ExtensibilityGlobals) = postSolution
		SolutionGuid = {D0CA8BF5-9441-4FFA-8797-0DF9A6B2372A}
	EndGlobalSection
EndGlobal
